// !$*UTF8*$!
{
	archiveVersion = 1;
	classes = {
	};
	objectVersion = 55;
	objects = {

/* Begin PBXBuildFile section */
		3155466E27A52FEE00AAB0D4 /* WeatherResponse.swift in Sources */ = {isa = PBXBuildFile; fileRef = 3155466D27A52FEE00AAB0D4 /* WeatherResponse.swift */; };
		7E5B1CCA27A488860094B49D /* AppDelegate.swift in Sources */ = {isa = PBXBuildFile; fileRef = 7E5B1CC927A488860094B49D /* AppDelegate.swift */; };
		7E5B1CCC27A488860094B49D /* SceneDelegate.swift in Sources */ = {isa = PBXBuildFile; fileRef = 7E5B1CCB27A488860094B49D /* SceneDelegate.swift */; };
		7E5B1CCE27A488860094B49D /* WeatherViewController.swift in Sources */ = {isa = PBXBuildFile; fileRef = 7E5B1CCD27A488860094B49D /* WeatherViewController.swift */; };
		7E5B1CD127A488860094B49D /* Main.storyboard in Resources */ = {isa = PBXBuildFile; fileRef = 7E5B1CCF27A488860094B49D /* Main.storyboard */; };
		7E5B1CD327A488870094B49D /* Assets.xcassets in Resources */ = {isa = PBXBuildFile; fileRef = 7E5B1CD227A488870094B49D /* Assets.xcassets */; };
		7E5B1CD627A488870094B49D /* LaunchScreen.storyboard in Resources */ = {isa = PBXBuildFile; fileRef = 7E5B1CD427A488870094B49D /* LaunchScreen.storyboard */; };
		7E5B1CDE27A48B860094B49D /* NetworkService.swift in Sources */ = {isa = PBXBuildFile; fileRef = 7E5B1CDD27A48B860094B49D /* NetworkService.swift */; };
		7E5B1CE027A4982E0094B49D /* ViewModel.swift in Sources */ = {isa = PBXBuildFile; fileRef = 7E5B1CDF27A4982E0094B49D /* ViewModel.swift */; };
		7E5B1CE227A49A510094B49D /* WeatherViewModelFactory.swift in Sources */ = {isa = PBXBuildFile; fileRef = 7E5B1CE127A49A510094B49D /* WeatherViewModelFactory.swift */; };
/* End PBXBuildFile section */

/* Begin PBXFileReference section */
		3155466D27A52FEE00AAB0D4 /* WeatherResponse.swift */ = {isa = PBXFileReference; lastKnownFileType = sourcecode.swift; path = WeatherResponse.swift; sourceTree = "<group>"; };
		7E5B1CC627A488860094B49D /* Exam.app */ = {isa = PBXFileReference; explicitFileType = wrapper.application; includeInIndex = 0; path = Exam.app; sourceTree = BUILT_PRODUCTS_DIR; };
		7E5B1CC927A488860094B49D /* AppDelegate.swift */ = {isa = PBXFileReference; lastKnownFileType = sourcecode.swift; path = AppDelegate.swift; sourceTree = "<group>"; };
		7E5B1CCB27A488860094B49D /* SceneDelegate.swift */ = {isa = PBXFileReference; lastKnownFileType = sourcecode.swift; path = SceneDelegate.swift; sourceTree = "<group>"; };
		7E5B1CCD27A488860094B49D /* WeatherViewController.swift */ = {isa = PBXFileReference; lastKnownFileType = sourcecode.swift; path = WeatherViewController.swift; sourceTree = "<group>"; };
		7E5B1CD027A488860094B49D /* Base */ = {isa = PBXFileReference; lastKnownFileType = file.storyboard; name = Base; path = Base.lproj/Main.storyboard; sourceTree = "<group>"; };
		7E5B1CD227A488870094B49D /* Assets.xcassets */ = {isa = PBXFileReference; lastKnownFileType = folder.assetcatalog; path = Assets.xcassets; sourceTree = "<group>"; };
		7E5B1CD527A488870094B49D /* Base */ = {isa = PBXFileReference; lastKnownFileType = file.storyboard; name = Base; path = Base.lproj/LaunchScreen.storyboard; sourceTree = "<group>"; };
		7E5B1CD727A488870094B49D /* Info.plist */ = {isa = PBXFileReference; lastKnownFileType = text.plist.xml; path = Info.plist; sourceTree = "<group>"; };
		7E5B1CDD27A48B860094B49D /* NetworkService.swift */ = {isa = PBXFileReference; lastKnownFileType = sourcecode.swift; path = NetworkService.swift; sourceTree = "<group>"; };
		7E5B1CDF27A4982E0094B49D /* ViewModel.swift */ = {isa = PBXFileReference; lastKnownFileType = sourcecode.swift; path = ViewModel.swift; sourceTree = "<group>"; };
		7E5B1CE127A49A510094B49D /* WeatherViewModelFactory.swift */ = {isa = PBXFileReference; lastKnownFileType = sourcecode.swift; path = WeatherViewModelFactory.swift; sourceTree = "<group>"; };
/* End PBXFileReference section */

/* Begin PBXFrameworksBuildPhase section */
		7E5B1CC327A488860094B49D /* Frameworks */ = {
			isa = PBXFrameworksBuildPhase;
			buildActionMask = 2147483647;
			files = (
			);
			runOnlyForDeploymentPostprocessing = 0;
		};
/* End PBXFrameworksBuildPhase section */

/* Begin PBXGroup section */
		3155466C27A52FCA00AAB0D4 /* WeatherResponse */ = {
			isa = PBXGroup;
			children = (
				3155466D27A52FEE00AAB0D4 /* WeatherResponse.swift */,
			);
			path = WeatherResponse;
			sourceTree = "<group>";
		};
		7E5B1CBD27A488860094B49D = {
			isa = PBXGroup;
			children = (
				7E5B1CC827A488860094B49D /* Exam */,
				7E5B1CC727A488860094B49D /* Products */,
			);
			sourceTree = "<group>";
		};
		7E5B1CC727A488860094B49D /* Products */ = {
			isa = PBXGroup;
			children = (
				7E5B1CC627A488860094B49D /* Exam.app */,
			);
			name = Products;
			sourceTree = "<group>";
		};
		7E5B1CC827A488860094B49D /* Exam */ = {
			isa = PBXGroup;
			children = (
				7E5B1CE427A49B630094B49D /* App */,
				7E5B1CE527A49B6C0094B49D /* Modules */,
				7E5B1CE327A49B590094B49D /* Resources */,
				3155466C27A52FCA00AAB0D4 /* WeatherResponse */,
				7E5B1CE627A49B770094B49D /* Services */,
				7E5B1CD727A488870094B49D /* Info.plist */,
			);
			path = Exam;
			sourceTree = "<group>";
		};
		7E5B1CE327A49B590094B49D /* Resources */ = {
			isa = PBXGroup;
			children = (
				7E5B1CCF27A488860094B49D /* Main.storyboard */,
				7E5B1CD227A488870094B49D /* Assets.xcassets */,
				7E5B1CD427A488870094B49D /* LaunchScreen.storyboard */,
			);
			path = Resources;
			sourceTree = "<group>";
		};
		7E5B1CE427A49B630094B49D /* App */ = {
			isa = PBXGroup;
			children = (
				7E5B1CC927A488860094B49D /* AppDelegate.swift */,
				7E5B1CCB27A488860094B49D /* SceneDelegate.swift */,
			);
			path = App;
			sourceTree = "<group>";
		};
		7E5B1CE527A49B6C0094B49D /* Modules */ = {
			isa = PBXGroup;
			children = (
				7E5B1CCD27A488860094B49D /* WeatherViewController.swift */,
				7E5B1CDF27A4982E0094B49D /* ViewModel.swift */,
				7E5B1CE127A49A510094B49D /* WeatherViewModelFactory.swift */,
			);
			path = Modules;
			sourceTree = "<group>";
		};
		7E5B1CE627A49B770094B49D /* Services */ = {
			isa = PBXGroup;
			children = (
				7E5B1CDD27A48B860094B49D /* NetworkService.swift */,
			);
			path = Services;
			sourceTree = "<group>";
		};
/* End PBXGroup section */

/* Begin PBXNativeTarget section */
		7E5B1CC527A488860094B49D /* Exam */ = {
			isa = PBXNativeTarget;
			buildConfigurationList = 7E5B1CDA27A488870094B49D /* Build configuration list for PBXNativeTarget "Exam" */;
			buildPhases = (
				7E5B1CC227A488860094B49D /* Sources */,
				7E5B1CC327A488860094B49D /* Frameworks */,
				7E5B1CC427A488860094B49D /* Resources */,
			);
			buildRules = (
			);
			dependencies = (
			);
			name = Exam;
			productName = Exam;
			productReference = 7E5B1CC627A488860094B49D /* Exam.app */;
			productType = "com.apple.product-type.application";
		};
/* End PBXNativeTarget section */

/* Begin PBXProject section */
		7E5B1CBE27A488860094B49D /* Project object */ = {
			isa = PBXProject;
			attributes = {
				BuildIndependentTargetsInParallel = 1;
				LastSwiftUpdateCheck = 1320;
				LastUpgradeCheck = 1320;
				TargetAttributes = {
					7E5B1CC527A488860094B49D = {
						CreatedOnToolsVersion = 13.2.1;
					};
				};
			};
			buildConfigurationList = 7E5B1CC127A488860094B49D /* Build configuration list for PBXProject "Exam" */;
			compatibilityVersion = "Xcode 13.0";
			developmentRegion = en;
			hasScannedForEncodings = 0;
			knownRegions = (
				en,
				Base,
			);
			mainGroup = 7E5B1CBD27A488860094B49D;
			productRefGroup = 7E5B1CC727A488860094B49D /* Products */;
			projectDirPath = "";
			projectRoot = "";
			targets = (
				7E5B1CC527A488860094B49D /* Exam */,
			);
		};
/* End PBXProject section */

/* Begin PBXResourcesBuildPhase section */
		7E5B1CC427A488860094B49D /* Resources */ = {
			isa = PBXResourcesBuildPhase;
			buildActionMask = 2147483647;
			files = (
				7E5B1CD627A488870094B49D /* LaunchScreen.storyboard in Resources */,
				7E5B1CD327A488870094B49D /* Assets.xcassets in Resources */,
				7E5B1CD127A488860094B49D /* Main.storyboard in Resources */,
			);
			runOnlyForDeploymentPostprocessing = 0;
		};
/* End PBXResourcesBuildPhase section */

/* Begin PBXSourcesBuildPhase section */
		7E5B1CC227A488860094B49D /* Sources */ = {
			isa = PBXSourcesBuildPhase;
			buildActionMask = 2147483647;
			files = (
				7E5B1CE227A49A510094B49D /* WeatherViewModelFactory.swift in Sources */,
				7E5B1CE027A4982E0094B49D /* ViewModel.swift in Sources */,
				7E5B1CCE27A488860094B49D /* WeatherViewController.swift in Sources */,
				3155466E27A52FEE00AAB0D4 /* WeatherResponse.swift in Sources */,
				7E5B1CCA27A488860094B49D /* AppDelegate.swift in Sources */,
				7E5B1CDE27A48B860094B49D /* NetworkService.swift in Sources */,
				7E5B1CCC27A488860094B49D /* SceneDelegate.swift in Sources */,
			);
			runOnlyForDeploymentPostprocessing = 0;
		};
/* End PBXSourcesBuildPhase section */

/* Begin PBXVariantGroup section */
		7E5B1CCF27A488860094B49D /* Main.storyboard */ = {
			isa = PBXVariantGroup;
			children = (
				7E5B1CD027A488860094B49D /* Base */,
			);
			name = Main.storyboard;
			sourceTree = "<group>";
		};
		7E5B1CD427A488870094B49D /* LaunchScreen.storyboard */ = {
			isa = PBXVariantGroup;
			children = (
				7E5B1CD527A488870094B49D /* Base */,
			);
			name = LaunchScreen.storyboard;
			sourceTree = "<group>";
		};
/* End PBXVariantGroup section */

/* Begin XCBuildConfiguration section */
		7E5B1CD827A488870094B49D /* Debug */ = {
			isa = XCBuildConfiguration;
			buildSettings = {
				ALWAYS_SEARCH_USER_PATHS = NO;
				CLANG_ANALYZER_NONNULL = YES;
				CLANG_ANALYZER_NUMBER_OBJECT_CONVERSION = YES_AGGRESSIVE;
				CLANG_CXX_LANGUAGE_STANDARD = "gnu++17";
				CLANG_CXX_LIBRARY = "libc++";
				CLANG_ENABLE_MODULES = YES;
				CLANG_ENABLE_OBJC_ARC = YES;
				CLANG_ENABLE_OBJC_WEAK = YES;
				CLANG_WARN_BLOCK_CAPTURE_AUTORELEASING = YES;
				CLANG_WARN_BOOL_CONVERSION = YES;
				CLANG_WARN_COMMA = YES;
				CLANG_WARN_CONSTANT_CONVERSION = YES;
				CLANG_WARN_DEPRECATED_OBJC_IMPLEMENTATIONS = YES;
				CLANG_WARN_DIRECT_OBJC_ISA_USAGE = YES_ERROR;
				CLANG_WARN_DOCUMENTATION_COMMENTS = YES;
				CLANG_WARN_EMPTY_BODY = YES;
				CLANG_WARN_ENUM_CONVERSION = YES;
				CLANG_WARN_INFINITE_RECURSION = YES;
				CLANG_WARN_INT_CONVERSION = YES;
				CLANG_WARN_NON_LITERAL_NULL_CONVERSION = YES;
				CLANG_WARN_OBJC_IMPLICIT_RETAIN_SELF = YES;
				CLANG_WARN_OBJC_LITERAL_CONVERSION = YES;
				CLANG_WARN_OBJC_ROOT_CLASS = YES_ERROR;
				CLANG_WARN_QUOTED_INCLUDE_IN_FRAMEWORK_HEADER = YES;
				CLANG_WARN_RANGE_LOOP_ANALYSIS = YES;
				CLANG_WARN_STRICT_PROTOTYPES = YES;
				CLANG_WARN_SUSPICIOUS_MOVE = YES;
				CLANG_WARN_UNGUARDED_AVAILABILITY = YES_AGGRESSIVE;
				CLANG_WARN_UNREACHABLE_CODE = YES;
				CLANG_WARN__DUPLICATE_METHOD_MATCH = YES;
				COPY_PHASE_STRIP = NO;
				DEBUG_INFORMATION_FORMAT = dwarf;
				ENABLE_STRICT_OBJC_MSGSEND = YES;
				ENABLE_TESTABILITY = YES;
				GCC_C_LANGUAGE_STANDARD = gnu11;
				GCC_DYNAMIC_NO_PIC = NO;
				GCC_NO_COMMON_BLOCKS = YES;
				GCC_OPTIMIZATION_LEVEL = 0;
				GCC_PREPROCESSOR_DEFINITIONS = (
					"DEBUG=1",
					"$(inherited)",
				);
				GCC_WARN_64_TO_32_BIT_CONVERSION = YES;
				GCC_WARN_ABOUT_RETURN_TYPE = YES_ERROR;
				GCC_WARN_UNDECLARED_SELECTOR = YES;
				GCC_WARN_UNINITIALIZED_AUTOS = YES_AGGRESSIVE;
				GCC_WARN_UNUSED_FUNCTION = YES;
				GCC_WARN_UNUSED_VARIABLE = YES;
				IPHONEOS_DEPLOYMENT_TARGET = 15.2;
				MTL_ENABLE_DEBUG_INFO = INCLUDE_SOURCE;
				MTL_FAST_MATH = YES;
				ONLY_ACTIVE_ARCH = YES;
				SDKROOT = iphoneos;
				SWIFT_ACTIVE_COMPILATION_CONDITIONS = DEBUG;
				SWIFT_OPTIMIZATION_LEVEL = "-Onone";
			};
			name = Debug;
		};
		7E5B1CD927A488870094B49D /* Release */ = {
			isa = XCBuildConfiguration;
			buildSettings = {
				ALWAYS_SEARCH_USER_PATHS = NO;
				CLANG_ANALYZER_NONNULL = YES;
				CLANG_ANALYZER_NUMBER_OBJECT_CONVERSION = YES_AGGRESSIVE;
				CLANG_CXX_LANGUAGE_STANDARD = "gnu++17";
				CLANG_CXX_LIBRARY = "libc++";
				CLANG_ENABLE_MODULES = YES;
				CLANG_ENABLE_OBJC_ARC = YES;
				CLANG_ENABLE_OBJC_WEAK = YES;
				CLANG_WARN_BLOCK_CAPTURE_AUTORELEASING = YES;
				CLANG_WARN_BOOL_CONVERSION = YES;
				CLANG_WARN_COMMA = YES;
				CLANG_WARN_CONSTANT_CONVERSION = YES;
				CLANG_WARN_DEPRECATED_OBJC_IMPLEMENTATIONS = YES;
				CLANG_WARN_DIRECT_OBJC_ISA_USAGE = YES_ERROR;
				CLANG_WARN_DOCUMENTATION_COMMENTS = YES;
				CLANG_WARN_EMPTY_BODY = YES;
				CLANG_WARN_ENUM_CONVERSION = YES;
				CLANG_WARN_INFINITE_RECURSION = YES;
				CLANG_WARN_INT_CONVERSION = YES;
				CLANG_WARN_NON_LITERAL_NULL_CONVERSION = YES;
				CLANG_WARN_OBJC_IMPLICIT_RETAIN_SELF = YES;
				CLANG_WARN_OBJC_LITERAL_CONVERSION = YES;
				CLANG_WARN_OBJC_ROOT_CLASS = YES_ERROR;
				CLANG_WARN_QUOTED_INCLUDE_IN_FRAMEWORK_HEADER = YES;
				CLANG_WARN_RANGE_LOOP_ANALYSIS = YES;
				CLANG_WARN_STRICT_PROTOTYPES = YES;
				CLANG_WARN_SUSPICIOUS_MOVE = YES;
				CLANG_WARN_UNGUARDED_AVAILABILITY = YES_AGGRESSIVE;
				CLANG_WARN_UNREACHABLE_CODE = YES;
				CLANG_WARN__DUPLICATE_METHOD_MATCH = YES;
				COPY_PHASE_STRIP = NO;
				DEBUG_INFORMATION_FORMAT = "dwarf-with-dsym";
				ENABLE_NS_ASSERTIONS = NO;
				ENABLE_STRICT_OBJC_MSGSEND = YES;
				GCC_C_LANGUAGE_STANDARD = gnu11;
				GCC_NO_COMMON_BLOCKS = YES;
				GCC_WARN_64_TO_32_BIT_CONVERSION = YES;
				GCC_WARN_ABOUT_RETURN_TYPE = YES_ERROR;
				GCC_WARN_UNDECLARED_SELECTOR = YES;
				GCC_WARN_UNINITIALIZED_AUTOS = YES_AGGRESSIVE;
				GCC_WARN_UNUSED_FUNCTION = YES;
				GCC_WARN_UNUSED_VARIABLE = YES;
				IPHONEOS_DEPLOYMENT_TARGET = 15.2;
				MTL_ENABLE_DEBUG_INFO = NO;
				MTL_FAST_MATH = YES;
				SDKROOT = iphoneos;
				SWIFT_COMPILATION_MODE = wholemodule;
				SWIFT_OPTIMIZATION_LEVEL = "-O";
				VALIDATE_PRODUCT = YES;
			};
			name = Release;
		};
		7E5B1CDB27A488870094B49D /* Debug */ = {
			isa = XCBuildConfiguration;
			buildSettings = {
				ASSETCATALOG_COMPILER_APPICON_NAME = AppIcon;
				ASSETCATALOG_COMPILER_GLOBAL_ACCENT_COLOR_NAME = AccentColor;
				CODE_SIGN_STYLE = Automatic;
				CURRENT_PROJECT_VERSION = 1;
				DEVELOPMENT_TEAM = 82CJ7XMF7V;
				GENERATE_INFOPLIST_FILE = YES;
				INFOPLIST_FILE = Exam/Info.plist;
				INFOPLIST_KEY_UIApplicationSupportsIndirectInputEvents = YES;
				INFOPLIST_KEY_UILaunchStoryboardName = LaunchScreen;
				INFOPLIST_KEY_UIMainStoryboardFile = Main;
				INFOPLIST_KEY_UISupportedInterfaceOrientations_iPad = "UIInterfaceOrientationPortrait UIInterfaceOrientationPortraitUpsideDown UIInterfaceOrientationLandscapeLeft UIInterfaceOrientationLandscapeRight";
				INFOPLIST_KEY_UISupportedInterfaceOrientations_iPhone = "UIInterfaceOrientationPortrait UIInterfaceOrientationLandscapeLeft UIInterfaceOrientationLandscapeRight";
				IPHONEOS_DEPLOYMENT_TARGET = 15.0;
				LD_RUNPATH_SEARCH_PATHS = (
					"$(inherited)",
					"@executable_path/Frameworks",
				);
				MARKETING_VERSION = 1.0;
				PRODUCT_BUNDLE_IDENTIFIER = com.kavars.Exam;
				PRODUCT_NAME = "$(TARGET_NAME)";
				SWIFT_EMIT_LOC_STRINGS = YES;
				SWIFT_VERSION = 5.0;
				TARGETED_DEVICE_FAMILY = "1,2";
			};
			name = Debug;
		};
		7E5B1CDC27A488870094B49D /* Release */ = {
			isa = XCBuildConfiguration;
			buildSettings = {
				ASSETCATALOG_COMPILER_APPICON_NAME = AppIcon;
				ASSETCATALOG_COMPILER_GLOBAL_ACCENT_COLOR_NAME = AccentColor;
				CODE_SIGN_STYLE = Automatic;
				CURRENT_PROJECT_VERSION = 1;
				DEVELOPMENT_TEAM = 82CJ7XMF7V;
				GENERATE_INFOPLIST_FILE = YES;
				INFOPLIST_FILE = Exam/Info.plist;
				INFOPLIST_KEY_UIApplicationSupportsIndirectInputEvents = YES;
				INFOPLIST_KEY_UILaunchStoryboardName = LaunchScreen;
				INFOPLIST_KEY_UIMainStoryboardFile = Main;
				INFOPLIST_KEY_UISupportedInterfaceOrientations_iPad = "UIInterfaceOrientationPortrait UIInterfaceOrientationPortraitUpsideDown UIInterfaceOrientationLandscapeLeft UIInterfaceOrientationLandscapeRight";
				INFOPLIST_KEY_UISupportedInterfaceOrientations_iPhone = "UIInterfaceOrientationPortrait UIInterfaceOrientationLandscapeLeft UIInterfaceOrientationLandscapeRight";
				IPHONEOS_DEPLOYMENT_TARGET = 15.0;
				LD_RUNPATH_SEARCH_PATHS = (
					"$(inherited)",
					"@executable_path/Frameworks",
				);
				MARKETING_VERSION = 1.0;
				PRODUCT_BUNDLE_IDENTIFIER = com.kavars.Exam;
				PRODUCT_NAME = "$(TARGET_NAME)";
				SWIFT_EMIT_LOC_STRINGS = YES;
				SWIFT_VERSION = 5.0;
				TARGETED_DEVICE_FAMILY = "1,2";
			};
			name = Release;
		};
/* End XCBuildConfiguration section */

/* Begin XCConfigurationList section */
		7E5B1CC127A488860094B49D /* Build configuration list for PBXProject "Exam" */ = {
			isa = XCConfigurationList;
			buildConfigurations = (
				7E5B1CD827A488870094B49D /* Debug */,
				7E5B1CD927A488870094B49D /* Release */,
			);
			defaultConfigurationIsVisible = 0;
			defaultConfigurationName = Release;
		};
		7E5B1CDA27A488870094B49D /* Build configuration list for PBXNativeTarget "Exam" */ = {
			isa = XCConfigurationList;
			buildConfigurations = (
				7E5B1CDB27A488870094B49D /* Debug */,
				7E5B1CDC27A488870094B49D /* Release */,
			);
			defaultConfigurationIsVisible = 0;
			defaultConfigurationName = Release;
		};
/* End XCConfigurationList section */
	};
	rootObject = 7E5B1CBE27A488860094B49D /* Project object */;
}
